// !$*UTF8*$!
{
	archiveVersion = 1;
	classes = {
	};
	objectVersion = 55;
	objects = {

/* Begin PBXBuildFile section */
		45082D787EB635A1A76C0C65 /* Pods_SideDishApp.framework in Frameworks */ = {isa = PBXBuildFile; fileRef = 1F3B97C3662105F5B9E36735 /* Pods_SideDishApp.framework */; };
		8D1644F8283519B700AAAE5C /* AppDelegate.swift in Sources */ = {isa = PBXBuildFile; fileRef = 8D1644F7283519B700AAAE5C /* AppDelegate.swift */; };
		8D164501283519B900AAAE5C /* Assets.xcassets in Resources */ = {isa = PBXBuildFile; fileRef = 8D164500283519B900AAAE5C /* Assets.xcassets */; };
		8D164504283519B900AAAE5C /* LaunchScreen.storyboard in Resources */ = {isa = PBXBuildFile; fileRef = 8D164502283519B900AAAE5C /* LaunchScreen.storyboard */; };
		8D16453428351BBE00AAAE5C /* SceneDelegate.swift in Sources */ = {isa = PBXBuildFile; fileRef = 8D16453328351BBE00AAAE5C /* SceneDelegate.swift */; };
		8D16453628351BC600AAAE5C /* Constant.swift in Sources */ = {isa = PBXBuildFile; fileRef = 8D16453528351BC600AAAE5C /* Constant.swift */; };
		8D16456728351EBE00AAAE5C /* UIColor+Extension.swift in Sources */ = {isa = PBXBuildFile; fileRef = 8D16454A28351EBE00AAAE5C /* UIColor+Extension.swift */; };
		8D16456828351EBE00AAAE5C /* ImageNetworkManager.swift in Sources */ = {isa = PBXBuildFile; fileRef = 8D16454C28351EBE00AAAE5C /* ImageNetworkManager.swift */; };
		8D16456928351EBE00AAAE5C /* NetworkManager.swift in Sources */ = {isa = PBXBuildFile; fileRef = 8D16454D28351EBE00AAAE5C /* NetworkManager.swift */; };
		8D16456A28351EBE00AAAE5C /* NetworkRepository.swift in Sources */ = {isa = PBXBuildFile; fileRef = 8D16454E28351EBE00AAAE5C /* NetworkRepository.swift */; };
		8D16456B28351EBE00AAAE5C /* HTTPMethod.swift in Sources */ = {isa = PBXBuildFile; fileRef = 8D16454F28351EBE00AAAE5C /* HTTPMethod.swift */; };
		8D16456C28351EBE00AAAE5C /* NetworkManagable.swift in Sources */ = {isa = PBXBuildFile; fileRef = 8D16455028351EBE00AAAE5C /* NetworkManagable.swift */; };
		8D16456D28351EBE00AAAE5C /* NetworkError.swift in Sources */ = {isa = PBXBuildFile; fileRef = 8D16455128351EBE00AAAE5C /* NetworkError.swift */; };
		8D16456E28351EBE00AAAE5C /* EndPoint.swift in Sources */ = {isa = PBXBuildFile; fileRef = 8D16455228351EBE00AAAE5C /* EndPoint.swift */; };
		8D16456F28351EBE00AAAE5C /* MenuStackView.swift in Sources */ = {isa = PBXBuildFile; fileRef = 8D16455428351EBE00AAAE5C /* MenuStackView.swift */; };
		8D16457028351EBE00AAAE5C /* SectionHeaderView.swift in Sources */ = {isa = PBXBuildFile; fileRef = 8D16455528351EBE00AAAE5C /* SectionHeaderView.swift */; };
		8D16457128351EBE00AAAE5C /* MenuSubInfoContainerStackView.swift in Sources */ = {isa = PBXBuildFile; fileRef = 8D16455628351EBE00AAAE5C /* MenuSubInfoContainerStackView.swift */; };
		8D16457228351EBE00AAAE5C /* OrderingCollectionViewCell.swift in Sources */ = {isa = PBXBuildFile; fileRef = 8D16455728351EBE00AAAE5C /* OrderingCollectionViewCell.swift */; };
		8D16457328351EBE00AAAE5C /* DetailScrollView.swift in Sources */ = {isa = PBXBuildFile; fileRef = 8D16455828351EBE00AAAE5C /* DetailScrollView.swift */; };
		8D16457428351EBE00AAAE5C /* DetailViewController.swift in Sources */ = {isa = PBXBuildFile; fileRef = 8D16455A28351EBE00AAAE5C /* DetailViewController.swift */; };
		8D16457528351EBE00AAAE5C /* OrderingViewController.swift in Sources */ = {isa = PBXBuildFile; fileRef = 8D16455B28351EBE00AAAE5C /* OrderingViewController.swift */; };
		8D16457628351EBE00AAAE5C /* OrderingCollectionViewDataSource.swift in Sources */ = {isa = PBXBuildFile; fileRef = 8D16455D28351EBE00AAAE5C /* OrderingCollectionViewDataSource.swift */; };
		8D16457728351EBE00AAAE5C /* SectionHeaderDelegate.swift in Sources */ = {isa = PBXBuildFile; fileRef = 8D16455E28351EBE00AAAE5C /* SectionHeaderDelegate.swift */; };
		8D16457828351EBE00AAAE5C /* OrderingCollectionViewDelegate.swift in Sources */ = {isa = PBXBuildFile; fileRef = 8D16455F28351EBE00AAAE5C /* OrderingCollectionViewDelegate.swift */; };
		8D16457928351EBE00AAAE5C /* PriceConvertor.swift in Sources */ = {isa = PBXBuildFile; fileRef = 8D16456128351EBE00AAAE5C /* PriceConvertor.swift */; };
		8D16457A28351EBE00AAAE5C /* SideDishInfo.swift in Sources */ = {isa = PBXBuildFile; fileRef = 8D16456228351EBE00AAAE5C /* SideDishInfo.swift */; };
		8D16457B28351EBE00AAAE5C /* DetailDishInfo.swift in Sources */ = {isa = PBXBuildFile; fileRef = 8D16456328351EBE00AAAE5C /* DetailDishInfo.swift */; };
		8D16457C28351EBE00AAAE5C /* ImageCacheManager.swift in Sources */ = {isa = PBXBuildFile; fileRef = 8D16456528351EBE00AAAE5C /* ImageCacheManager.swift */; };
		8D16457D28351EBE00AAAE5C /* CacheManagerable.swift in Sources */ = {isa = PBXBuildFile; fileRef = 8D16456628351EBE00AAAE5C /* CacheManagerable.swift */; };
		8D1645A728351FD500AAAE5C /* DetailMockData.json in Resources */ = {isa = PBXBuildFile; fileRef = 8D1645A328351FD500AAAE5C /* DetailMockData.json */; };
		8D1645A828351FD500AAAE5C /* MainMockData.json in Resources */ = {isa = PBXBuildFile; fileRef = 8D1645A428351FD500AAAE5C /* MainMockData.json */; };
		8D1645AA28351FD500AAAE5C /* URLMockProtocol.swift in Sources */ = {isa = PBXBuildFile; fileRef = 8D1645A628351FD500AAAE5C /* URLMockProtocol.swift */; };
		8D1645AC2835202600AAAE5C /* NetworkManagerTest.swift in Sources */ = {isa = PBXBuildFile; fileRef = 8D1645AB2835202600AAAE5C /* NetworkManagerTest.swift */; };
		8D8529D92835C3DF00D24ADB /* NetworkRepository.swift in Sources */ = {isa = PBXBuildFile; fileRef = 8D16454E28351EBE00AAAE5C /* NetworkRepository.swift */; };
		8D8529DA2835C3E100D24ADB /* ImageNetworkManager.swift in Sources */ = {isa = PBXBuildFile; fileRef = 8D16454C28351EBE00AAAE5C /* ImageNetworkManager.swift */; };
		8D8529DB2835C3E300D24ADB /* NetworkManager.swift in Sources */ = {isa = PBXBuildFile; fileRef = 8D16454D28351EBE00AAAE5C /* NetworkManager.swift */; };
		8D8529DC2835C3E500D24ADB /* HTTPMethod.swift in Sources */ = {isa = PBXBuildFile; fileRef = 8D16454F28351EBE00AAAE5C /* HTTPMethod.swift */; };
		8D8529DD2835C3E600D24ADB /* NetworkManagable.swift in Sources */ = {isa = PBXBuildFile; fileRef = 8D16455028351EBE00AAAE5C /* NetworkManagable.swift */; };
		8D8529DE2835C3E800D24ADB /* NetworkError.swift in Sources */ = {isa = PBXBuildFile; fileRef = 8D16455128351EBE00AAAE5C /* NetworkError.swift */; };
		8D8529DF2835C3EE00D24ADB /* EndPoint.swift in Sources */ = {isa = PBXBuildFile; fileRef = 8D16455228351EBE00AAAE5C /* EndPoint.swift */; };
		8D8529E02835C3FD00D24ADB /* SideDishInfo.swift in Sources */ = {isa = PBXBuildFile; fileRef = 8D16456228351EBE00AAAE5C /* SideDishInfo.swift */; };
		8D8529E12835C3FF00D24ADB /* DetailDishInfo.swift in Sources */ = {isa = PBXBuildFile; fileRef = 8D16456328351EBE00AAAE5C /* DetailDishInfo.swift */; };
		8D8529E22835C41400D24ADB /* CacheManagerable.swift in Sources */ = {isa = PBXBuildFile; fileRef = 8D16456628351EBE00AAAE5C /* CacheManagerable.swift */; };
		8D8529E32835C41700D24ADB /* ImageCacheManager.swift in Sources */ = {isa = PBXBuildFile; fileRef = 8D16456528351EBE00AAAE5C /* ImageCacheManager.swift */; };
		8D8529F02835E31800D24ADB /* CacheManagerTest.swift in Sources */ = {isa = PBXBuildFile; fileRef = 8D8529EF2835E31800D24ADB /* CacheManagerTest.swift */; };
		8D8529F62835E32A00D24ADB /* ImageCacheManager.swift in Sources */ = {isa = PBXBuildFile; fileRef = 8D16456528351EBE00AAAE5C /* ImageCacheManager.swift */; };
		8D8529F72835E32C00D24ADB /* CacheManagerable.swift in Sources */ = {isa = PBXBuildFile; fileRef = 8D16456628351EBE00AAAE5C /* CacheManagerable.swift */; };
		8D8529F92835E33D00D24ADB /* MockCacheManager.swift in Sources */ = {isa = PBXBuildFile; fileRef = 8D8529F82835E33D00D24ADB /* MockCacheManager.swift */; };
		8D8529FB283614F600D24ADB /* MockCacheManagerWrapper.swift in Sources */ = {isa = PBXBuildFile; fileRef = 8D8529FA283614F600D24ADB /* MockCacheManagerWrapper.swift */; };
/* End PBXBuildFile section */

/* Begin PBXContainerItemProxy section */
		8D16459E28351FBD00AAAE5C /* PBXContainerItemProxy */ = {
			isa = PBXContainerItemProxy;
			containerPortal = 8D1644EC283519B700AAAE5C /* Project object */;
			proxyType = 1;
			remoteGlobalIDString = 8D1644F3283519B700AAAE5C;
			remoteInfo = SideDishApp;
		};
		8D8529F12835E31800D24ADB /* PBXContainerItemProxy */ = {
			isa = PBXContainerItemProxy;
			containerPortal = 8D1644EC283519B700AAAE5C /* Project object */;
			proxyType = 1;
			remoteGlobalIDString = 8D1644F3283519B700AAAE5C;
			remoteInfo = SideDishApp;
		};
/* End PBXContainerItemProxy section */

/* Begin PBXFileReference section */
		1F3B97C3662105F5B9E36735 /* Pods_SideDishApp.framework */ = {isa = PBXFileReference; explicitFileType = wrapper.framework; includeInIndex = 0; path = Pods_SideDishApp.framework; sourceTree = BUILT_PRODUCTS_DIR; };
		7CAB7898457CE4E15026FA88 /* Pods-SideDishApp.debug.xcconfig */ = {isa = PBXFileReference; includeInIndex = 1; lastKnownFileType = text.xcconfig; name = "Pods-SideDishApp.debug.xcconfig"; path = "Target Support Files/Pods-SideDishApp/Pods-SideDishApp.debug.xcconfig"; sourceTree = "<group>"; };
		8D1644F4283519B700AAAE5C /* SideDishApp.app */ = {isa = PBXFileReference; explicitFileType = wrapper.application; includeInIndex = 0; path = SideDishApp.app; sourceTree = BUILT_PRODUCTS_DIR; };
		8D1644F7283519B700AAAE5C /* AppDelegate.swift */ = {isa = PBXFileReference; lastKnownFileType = sourcecode.swift; path = AppDelegate.swift; sourceTree = "<group>"; };
		8D164500283519B900AAAE5C /* Assets.xcassets */ = {isa = PBXFileReference; lastKnownFileType = folder.assetcatalog; path = Assets.xcassets; sourceTree = "<group>"; };
		8D164503283519B900AAAE5C /* Base */ = {isa = PBXFileReference; lastKnownFileType = file.storyboard; name = Base; path = Base.lproj/LaunchScreen.storyboard; sourceTree = "<group>"; };
		8D164505283519B900AAAE5C /* Info.plist */ = {isa = PBXFileReference; lastKnownFileType = text.plist.xml; path = Info.plist; sourceTree = "<group>"; };
		8D16453328351BBE00AAAE5C /* SceneDelegate.swift */ = {isa = PBXFileReference; lastKnownFileType = sourcecode.swift; path = SceneDelegate.swift; sourceTree = "<group>"; };
		8D16453528351BC600AAAE5C /* Constant.swift */ = {isa = PBXFileReference; lastKnownFileType = sourcecode.swift; path = Constant.swift; sourceTree = "<group>"; };
		8D16454A28351EBE00AAAE5C /* UIColor+Extension.swift */ = {isa = PBXFileReference; fileEncoding = 4; lastKnownFileType = sourcecode.swift; path = "UIColor+Extension.swift"; sourceTree = "<group>"; };
		8D16454C28351EBE00AAAE5C /* ImageNetworkManager.swift */ = {isa = PBXFileReference; fileEncoding = 4; lastKnownFileType = sourcecode.swift; path = ImageNetworkManager.swift; sourceTree = "<group>"; };
		8D16454D28351EBE00AAAE5C /* NetworkManager.swift */ = {isa = PBXFileReference; fileEncoding = 4; lastKnownFileType = sourcecode.swift; path = NetworkManager.swift; sourceTree = "<group>"; };
		8D16454E28351EBE00AAAE5C /* NetworkRepository.swift */ = {isa = PBXFileReference; fileEncoding = 4; lastKnownFileType = sourcecode.swift; path = NetworkRepository.swift; sourceTree = "<group>"; };
		8D16454F28351EBE00AAAE5C /* HTTPMethod.swift */ = {isa = PBXFileReference; fileEncoding = 4; lastKnownFileType = sourcecode.swift; path = HTTPMethod.swift; sourceTree = "<group>"; };
		8D16455028351EBE00AAAE5C /* NetworkManagable.swift */ = {isa = PBXFileReference; fileEncoding = 4; lastKnownFileType = sourcecode.swift; path = NetworkManagable.swift; sourceTree = "<group>"; };
		8D16455128351EBE00AAAE5C /* NetworkError.swift */ = {isa = PBXFileReference; fileEncoding = 4; lastKnownFileType = sourcecode.swift; path = NetworkError.swift; sourceTree = "<group>"; };
		8D16455228351EBE00AAAE5C /* EndPoint.swift */ = {isa = PBXFileReference; fileEncoding = 4; lastKnownFileType = sourcecode.swift; path = EndPoint.swift; sourceTree = "<group>"; };
		8D16455428351EBE00AAAE5C /* MenuStackView.swift */ = {isa = PBXFileReference; fileEncoding = 4; lastKnownFileType = sourcecode.swift; path = MenuStackView.swift; sourceTree = "<group>"; };
		8D16455528351EBE00AAAE5C /* SectionHeaderView.swift */ = {isa = PBXFileReference; fileEncoding = 4; lastKnownFileType = sourcecode.swift; path = SectionHeaderView.swift; sourceTree = "<group>"; };
		8D16455628351EBE00AAAE5C /* MenuSubInfoContainerStackView.swift */ = {isa = PBXFileReference; fileEncoding = 4; lastKnownFileType = sourcecode.swift; path = MenuSubInfoContainerStackView.swift; sourceTree = "<group>"; };
		8D16455728351EBE00AAAE5C /* OrderingCollectionViewCell.swift */ = {isa = PBXFileReference; fileEncoding = 4; lastKnownFileType = sourcecode.swift; path = OrderingCollectionViewCell.swift; sourceTree = "<group>"; };
		8D16455828351EBE00AAAE5C /* DetailScrollView.swift */ = {isa = PBXFileReference; fileEncoding = 4; lastKnownFileType = sourcecode.swift; path = DetailScrollView.swift; sourceTree = "<group>"; };
		8D16455A28351EBE00AAAE5C /* DetailViewController.swift */ = {isa = PBXFileReference; fileEncoding = 4; lastKnownFileType = sourcecode.swift; path = DetailViewController.swift; sourceTree = "<group>"; };
		8D16455B28351EBE00AAAE5C /* OrderingViewController.swift */ = {isa = PBXFileReference; fileEncoding = 4; lastKnownFileType = sourcecode.swift; path = OrderingViewController.swift; sourceTree = "<group>"; };
		8D16455D28351EBE00AAAE5C /* OrderingCollectionViewDataSource.swift */ = {isa = PBXFileReference; fileEncoding = 4; lastKnownFileType = sourcecode.swift; path = OrderingCollectionViewDataSource.swift; sourceTree = "<group>"; };
		8D16455E28351EBE00AAAE5C /* SectionHeaderDelegate.swift */ = {isa = PBXFileReference; fileEncoding = 4; lastKnownFileType = sourcecode.swift; path = SectionHeaderDelegate.swift; sourceTree = "<group>"; };
		8D16455F28351EBE00AAAE5C /* OrderingCollectionViewDelegate.swift */ = {isa = PBXFileReference; fileEncoding = 4; lastKnownFileType = sourcecode.swift; path = OrderingCollectionViewDelegate.swift; sourceTree = "<group>"; };
		8D16456128351EBE00AAAE5C /* PriceConvertor.swift */ = {isa = PBXFileReference; fileEncoding = 4; lastKnownFileType = sourcecode.swift; path = PriceConvertor.swift; sourceTree = "<group>"; };
		8D16456228351EBE00AAAE5C /* SideDishInfo.swift */ = {isa = PBXFileReference; fileEncoding = 4; lastKnownFileType = sourcecode.swift; path = SideDishInfo.swift; sourceTree = "<group>"; };
		8D16456328351EBE00AAAE5C /* DetailDishInfo.swift */ = {isa = PBXFileReference; fileEncoding = 4; lastKnownFileType = sourcecode.swift; path = DetailDishInfo.swift; sourceTree = "<group>"; };
		8D16456528351EBE00AAAE5C /* ImageCacheManager.swift */ = {isa = PBXFileReference; fileEncoding = 4; lastKnownFileType = sourcecode.swift; path = ImageCacheManager.swift; sourceTree = "<group>"; };
		8D16456628351EBE00AAAE5C /* CacheManagerable.swift */ = {isa = PBXFileReference; fileEncoding = 4; lastKnownFileType = sourcecode.swift; path = CacheManagerable.swift; sourceTree = "<group>"; };
		8D16459A28351FBD00AAAE5C /* NetworkManagerTest.xctest */ = {isa = PBXFileReference; explicitFileType = wrapper.cfbundle; includeInIndex = 0; path = NetworkManagerTest.xctest; sourceTree = BUILT_PRODUCTS_DIR; };
		8D1645A328351FD500AAAE5C /* DetailMockData.json */ = {isa = PBXFileReference; fileEncoding = 4; lastKnownFileType = text.json; path = DetailMockData.json; sourceTree = "<group>"; };
		8D1645A428351FD500AAAE5C /* MainMockData.json */ = {isa = PBXFileReference; fileEncoding = 4; lastKnownFileType = text.json; path = MainMockData.json; sourceTree = "<group>"; };
		8D1645A628351FD500AAAE5C /* URLMockProtocol.swift */ = {isa = PBXFileReference; fileEncoding = 4; lastKnownFileType = sourcecode.swift; path = URLMockProtocol.swift; sourceTree = "<group>"; };
		8D1645AB2835202600AAAE5C /* NetworkManagerTest.swift */ = {isa = PBXFileReference; fileEncoding = 4; lastKnownFileType = sourcecode.swift; path = NetworkManagerTest.swift; sourceTree = "<group>"; };
		8D8529ED2835E31800D24ADB /* CacheManagerTest.xctest */ = {isa = PBXFileReference; explicitFileType = wrapper.cfbundle; includeInIndex = 0; path = CacheManagerTest.xctest; sourceTree = BUILT_PRODUCTS_DIR; };
		8D8529EF2835E31800D24ADB /* CacheManagerTest.swift */ = {isa = PBXFileReference; lastKnownFileType = sourcecode.swift; path = CacheManagerTest.swift; sourceTree = "<group>"; };
		8D8529F82835E33D00D24ADB /* MockCacheManager.swift */ = {isa = PBXFileReference; lastKnownFileType = sourcecode.swift; path = MockCacheManager.swift; sourceTree = "<group>"; };
		8D8529FA283614F600D24ADB /* MockCacheManagerWrapper.swift */ = {isa = PBXFileReference; lastKnownFileType = sourcecode.swift; path = MockCacheManagerWrapper.swift; sourceTree = "<group>"; };
		CDB550A5D8B1D54A9DA36D25 /* Pods-SideDishApp.release.xcconfig */ = {isa = PBXFileReference; includeInIndex = 1; lastKnownFileType = text.xcconfig; name = "Pods-SideDishApp.release.xcconfig"; path = "Target Support Files/Pods-SideDishApp/Pods-SideDishApp.release.xcconfig"; sourceTree = "<group>"; };
/* End PBXFileReference section */

/* Begin PBXFrameworksBuildPhase section */
		8D1644F1283519B700AAAE5C /* Frameworks */ = {
			isa = PBXFrameworksBuildPhase;
			buildActionMask = 2147483647;
			files = (
				45082D787EB635A1A76C0C65 /* Pods_SideDishApp.framework in Frameworks */,
			);
			runOnlyForDeploymentPostprocessing = 0;
		};
		8D16459728351FBD00AAAE5C /* Frameworks */ = {
			isa = PBXFrameworksBuildPhase;
			buildActionMask = 2147483647;
			files = (
			);
			runOnlyForDeploymentPostprocessing = 0;
		};
		8D8529EA2835E31800D24ADB /* Frameworks */ = {
			isa = PBXFrameworksBuildPhase;
			buildActionMask = 2147483647;
			files = (
			);
			runOnlyForDeploymentPostprocessing = 0;
		};
/* End PBXFrameworksBuildPhase section */

/* Begin PBXGroup section */
		54D35C7AC61E2AFAEA6FAE20 /* Pods */ = {
			isa = PBXGroup;
			children = (
				7CAB7898457CE4E15026FA88 /* Pods-SideDishApp.debug.xcconfig */,
				CDB550A5D8B1D54A9DA36D25 /* Pods-SideDishApp.release.xcconfig */,
			);
			path = Pods;
			sourceTree = "<group>";
		};
		576B2B502E2BE6FD24D079FF /* Frameworks */ = {
			isa = PBXGroup;
			children = (
				1F3B97C3662105F5B9E36735 /* Pods_SideDishApp.framework */,
			);
			name = Frameworks;
			sourceTree = "<group>";
		};
		8D1644EB283519B700AAAE5C = {
			isa = PBXGroup;
			children = (
				8D1644F6283519B700AAAE5C /* SideDishApp */,
				8D16459B28351FBD00AAAE5C /* NetworkManagerTest */,
				8D8529EE2835E31800D24ADB /* CacheManagerTest */,
				8D1644F5283519B700AAAE5C /* Products */,
				54D35C7AC61E2AFAEA6FAE20 /* Pods */,
				576B2B502E2BE6FD24D079FF /* Frameworks */,
			);
			sourceTree = "<group>";
		};
		8D1644F5283519B700AAAE5C /* Products */ = {
			isa = PBXGroup;
			children = (
				8D1644F4283519B700AAAE5C /* SideDishApp.app */,
				8D16459A28351FBD00AAAE5C /* NetworkManagerTest.xctest */,
				8D8529ED2835E31800D24ADB /* CacheManagerTest.xctest */,
			);
			name = Products;
			sourceTree = "<group>";
		};
		8D1644F6283519B700AAAE5C /* SideDishApp */ = {
			isa = PBXGroup;
			children = (
				8D16455928351EBE00AAAE5C /* Controller */,
				8D16454928351EBE00AAAE5C /* Extension */,
				8D16456028351EBE00AAAE5C /* Model */,
				8D8529E42835C43F00D24ADB /* Repository */,
				8D16454B28351EBE00AAAE5C /* Network */,
				8D16455328351EBE00AAAE5C /* View */,
				8D16456428351EBE00AAAE5C /* Cache */,
				8D16453728351BFB00AAAE5C /* SupportingFiles */,
				8D164505283519B900AAAE5C /* Info.plist */,
			);
			path = SideDishApp;
			sourceTree = "<group>";
		};
		8D16453728351BFB00AAAE5C /* SupportingFiles */ = {
			isa = PBXGroup;
			children = (
				8D1644F7283519B700AAAE5C /* AppDelegate.swift */,
				8D16453328351BBE00AAAE5C /* SceneDelegate.swift */,
				8D16453528351BC600AAAE5C /* Constant.swift */,
				8D164500283519B900AAAE5C /* Assets.xcassets */,
				8D164502283519B900AAAE5C /* LaunchScreen.storyboard */,
			);
			path = SupportingFiles;
			sourceTree = "<group>";
		};
		8D16454928351EBE00AAAE5C /* Extension */ = {
			isa = PBXGroup;
			children = (
				8D16454A28351EBE00AAAE5C /* UIColor+Extension.swift */,
			);
			path = Extension;
			sourceTree = "<group>";
		};
		8D16454B28351EBE00AAAE5C /* Network */ = {
			isa = PBXGroup;
			children = (
				8D16454C28351EBE00AAAE5C /* ImageNetworkManager.swift */,
				8D16454D28351EBE00AAAE5C /* NetworkManager.swift */,
				8D16454F28351EBE00AAAE5C /* HTTPMethod.swift */,
				8D16455028351EBE00AAAE5C /* NetworkManagable.swift */,
				8D16455128351EBE00AAAE5C /* NetworkError.swift */,
				8D16455228351EBE00AAAE5C /* EndPoint.swift */,
			);
			path = Network;
			sourceTree = "<group>";
		};
		8D16455328351EBE00AAAE5C /* View */ = {
			isa = PBXGroup;
			children = (
				8D16455428351EBE00AAAE5C /* MenuStackView.swift */,
				8D16455528351EBE00AAAE5C /* SectionHeaderView.swift */,
				8D16455628351EBE00AAAE5C /* MenuSubInfoContainerStackView.swift */,
				8D16455728351EBE00AAAE5C /* OrderingCollectionViewCell.swift */,
				8D16455828351EBE00AAAE5C /* DetailScrollView.swift */,
			);
			path = View;
			sourceTree = "<group>";
		};
		8D16455928351EBE00AAAE5C /* Controller */ = {
			isa = PBXGroup;
			children = (
				8D16455B28351EBE00AAAE5C /* OrderingViewController.swift */,
				8D16455A28351EBE00AAAE5C /* DetailViewController.swift */,
				8D16455C28351EBE00AAAE5C /* Delegate & DataSource */,
			);
			path = Controller;
			sourceTree = "<group>";
		};
		8D16455C28351EBE00AAAE5C /* Delegate & DataSource */ = {
			isa = PBXGroup;
			children = (
				8D16455D28351EBE00AAAE5C /* OrderingCollectionViewDataSource.swift */,
				8D16455E28351EBE00AAAE5C /* SectionHeaderDelegate.swift */,
				8D16455F28351EBE00AAAE5C /* OrderingCollectionViewDelegate.swift */,
			);
			path = "Delegate & DataSource";
			sourceTree = "<group>";
		};
		8D16456028351EBE00AAAE5C /* Model */ = {
			isa = PBXGroup;
			children = (
				8D16456128351EBE00AAAE5C /* PriceConvertor.swift */,
				8D16456228351EBE00AAAE5C /* SideDishInfo.swift */,
				8D16456328351EBE00AAAE5C /* DetailDishInfo.swift */,
			);
			path = Model;
			sourceTree = "<group>";
		};
		8D16456428351EBE00AAAE5C /* Cache */ = {
			isa = PBXGroup;
			children = (
				8D16456528351EBE00AAAE5C /* ImageCacheManager.swift */,
				8D16456628351EBE00AAAE5C /* CacheManagerable.swift */,
			);
			path = Cache;
			sourceTree = "<group>";
		};
		8D16459B28351FBD00AAAE5C /* NetworkManagerTest */ = {
			isa = PBXGroup;
			children = (
				8D1645AB2835202600AAAE5C /* NetworkManagerTest.swift */,
				8D1645A628351FD500AAAE5C /* URLMockProtocol.swift */,
				8D1645A328351FD500AAAE5C /* DetailMockData.json */,
				8D1645A428351FD500AAAE5C /* MainMockData.json */,
			);
			path = NetworkManagerTest;
			sourceTree = "<group>";
		};
		8D8529E42835C43F00D24ADB /* Repository */ = {
			isa = PBXGroup;
			children = (
				8D16454E28351EBE00AAAE5C /* NetworkRepository.swift */,
			);
			name = Repository;
			path = Network;
			sourceTree = "<group>";
		};
		8D8529EE2835E31800D24ADB /* CacheManagerTest */ = {
			isa = PBXGroup;
			children = (
				8D8529EF2835E31800D24ADB /* CacheManagerTest.swift */,
				8D8529F82835E33D00D24ADB /* MockCacheManager.swift */,
				8D8529FA283614F600D24ADB /* MockCacheManagerWrapper.swift */,
			);
			path = CacheManagerTest;
			sourceTree = "<group>";
		};
/* End PBXGroup section */

/* Begin PBXNativeTarget section */
		8D1644F3283519B700AAAE5C /* SideDishApp */ = {
			isa = PBXNativeTarget;
			buildConfigurationList = 8D16451E283519B900AAAE5C /* Build configuration list for PBXNativeTarget "SideDishApp" */;
			buildPhases = (
				60A8037443CED6D3933303B6 /* [CP] Check Pods Manifest.lock */,
				8D1644F0283519B700AAAE5C /* Sources */,
				8D1644F1283519B700AAAE5C /* Frameworks */,
				8D1644F2283519B700AAAE5C /* Resources */,
				F1DC58D3D7AF15F6F2E54252 /* [CP] Embed Pods Frameworks */,
			);
			buildRules = (
			);
			dependencies = (
			);
			name = SideDishApp;
			productName = SideDishApp;
			productReference = 8D1644F4283519B700AAAE5C /* SideDishApp.app */;
			productType = "com.apple.product-type.application";
		};
		8D16459928351FBD00AAAE5C /* NetworkManagerTest */ = {
			isa = PBXNativeTarget;
			buildConfigurationList = 8D1645A028351FBD00AAAE5C /* Build configuration list for PBXNativeTarget "NetworkManagerTest" */;
			buildPhases = (
				8D16459628351FBD00AAAE5C /* Sources */,
				8D16459728351FBD00AAAE5C /* Frameworks */,
				8D16459828351FBD00AAAE5C /* Resources */,
			);
			buildRules = (
			);
			dependencies = (
				8D16459F28351FBD00AAAE5C /* PBXTargetDependency */,
			);
			name = NetworkManagerTest;
			productName = NetworkManagerTest;
			productReference = 8D16459A28351FBD00AAAE5C /* NetworkManagerTest.xctest */;
			productType = "com.apple.product-type.bundle.unit-test";
		};
		8D8529EC2835E31800D24ADB /* CacheManagerTest */ = {
			isa = PBXNativeTarget;
			buildConfigurationList = 8D8529F32835E31800D24ADB /* Build configuration list for PBXNativeTarget "CacheManagerTest" */;
			buildPhases = (
				8D8529E92835E31800D24ADB /* Sources */,
				8D8529EA2835E31800D24ADB /* Frameworks */,
				8D8529EB2835E31800D24ADB /* Resources */,
			);
			buildRules = (
			);
			dependencies = (
				8D8529F22835E31800D24ADB /* PBXTargetDependency */,
			);
			name = CacheManagerTest;
			productName = CacheManagerTest;
			productReference = 8D8529ED2835E31800D24ADB /* CacheManagerTest.xctest */;
			productType = "com.apple.product-type.bundle.unit-test";
		};
/* End PBXNativeTarget section */

/* Begin PBXProject section */
		8D1644EC283519B700AAAE5C /* Project object */ = {
			isa = PBXProject;
			attributes = {
				BuildIndependentTargetsInParallel = 1;
				LastSwiftUpdateCheck = 1330;
				LastUpgradeCheck = 1330;
				TargetAttributes = {
					8D1644F3283519B700AAAE5C = {
						CreatedOnToolsVersion = 13.3.1;
					};
					8D16459928351FBD00AAAE5C = {
						CreatedOnToolsVersion = 13.3.1;
						TestTargetID = 8D1644F3283519B700AAAE5C;
					};
					8D8529EC2835E31800D24ADB = {
						CreatedOnToolsVersion = 13.3.1;
						TestTargetID = 8D1644F3283519B700AAAE5C;
					};
				};
			};
			buildConfigurationList = 8D1644EF283519B700AAAE5C /* Build configuration list for PBXProject "SideDishApp" */;
			compatibilityVersion = "Xcode 13.0";
			developmentRegion = en;
			hasScannedForEncodings = 0;
			knownRegions = (
				en,
				Base,
			);
			mainGroup = 8D1644EB283519B700AAAE5C;
			productRefGroup = 8D1644F5283519B700AAAE5C /* Products */;
			projectDirPath = "";
			projectRoot = "";
			targets = (
				8D1644F3283519B700AAAE5C /* SideDishApp */,
				8D16459928351FBD00AAAE5C /* NetworkManagerTest */,
				8D8529EC2835E31800D24ADB /* CacheManagerTest */,
			);
		};
/* End PBXProject section */

/* Begin PBXResourcesBuildPhase section */
		8D1644F2283519B700AAAE5C /* Resources */ = {
			isa = PBXResourcesBuildPhase;
			buildActionMask = 2147483647;
			files = (
				8D164504283519B900AAAE5C /* LaunchScreen.storyboard in Resources */,
				8D164501283519B900AAAE5C /* Assets.xcassets in Resources */,
			);
			runOnlyForDeploymentPostprocessing = 0;
		};
		8D16459828351FBD00AAAE5C /* Resources */ = {
			isa = PBXResourcesBuildPhase;
			buildActionMask = 2147483647;
			files = (
				8D1645A828351FD500AAAE5C /* MainMockData.json in Resources */,
				8D1645A728351FD500AAAE5C /* DetailMockData.json in Resources */,
			);
			runOnlyForDeploymentPostprocessing = 0;
		};
		8D8529EB2835E31800D24ADB /* Resources */ = {
			isa = PBXResourcesBuildPhase;
			buildActionMask = 2147483647;
			files = (
			);
			runOnlyForDeploymentPostprocessing = 0;
		};
/* End PBXResourcesBuildPhase section */

/* Begin PBXShellScriptBuildPhase section */
		60A8037443CED6D3933303B6 /* [CP] Check Pods Manifest.lock */ = {
			isa = PBXShellScriptBuildPhase;
			buildActionMask = 2147483647;
			files = (
			);
			inputFileListPaths = (
			);
			inputPaths = (
				"${PODS_PODFILE_DIR_PATH}/Podfile.lock",
				"${PODS_ROOT}/Manifest.lock",
			);
			name = "[CP] Check Pods Manifest.lock";
			outputFileListPaths = (
			);
			outputPaths = (
				"$(DERIVED_FILE_DIR)/Pods-SideDishApp-checkManifestLockResult.txt",
			);
			runOnlyForDeploymentPostprocessing = 0;
			shellPath = /bin/sh;
			shellScript = "diff \"${PODS_PODFILE_DIR_PATH}/Podfile.lock\" \"${PODS_ROOT}/Manifest.lock\" > /dev/null\nif [ $? != 0 ] ; then\n    # print error to STDERR\n    echo \"error: The sandbox is not in sync with the Podfile.lock. Run 'pod install' or update your CocoaPods installation.\" >&2\n    exit 1\nfi\n# This output is used by Xcode 'outputs' to avoid re-running this script phase.\necho \"SUCCESS\" > \"${SCRIPT_OUTPUT_FILE_0}\"\n";
			showEnvVarsInLog = 0;
		};
		F1DC58D3D7AF15F6F2E54252 /* [CP] Embed Pods Frameworks */ = {
			isa = PBXShellScriptBuildPhase;
			buildActionMask = 2147483647;
			files = (
			);
			inputFileListPaths = (
				"${PODS_ROOT}/Target Support Files/Pods-SideDishApp/Pods-SideDishApp-frameworks-${CONFIGURATION}-input-files.xcfilelist",
			);
			name = "[CP] Embed Pods Frameworks";
			outputFileListPaths = (
				"${PODS_ROOT}/Target Support Files/Pods-SideDishApp/Pods-SideDishApp-frameworks-${CONFIGURATION}-output-files.xcfilelist",
			);
			runOnlyForDeploymentPostprocessing = 0;
			shellPath = /bin/sh;
			shellScript = "\"${PODS_ROOT}/Target Support Files/Pods-SideDishApp/Pods-SideDishApp-frameworks.sh\"\n";
			showEnvVarsInLog = 0;
		};
/* End PBXShellScriptBuildPhase section */

/* Begin PBXSourcesBuildPhase section */
		8D1644F0283519B700AAAE5C /* Sources */ = {
			isa = PBXSourcesBuildPhase;
			buildActionMask = 2147483647;
			files = (
				8D16456F28351EBE00AAAE5C /* MenuStackView.swift in Sources */,
				8D16457428351EBE00AAAE5C /* DetailViewController.swift in Sources */,
				8D16456A28351EBE00AAAE5C /* NetworkRepository.swift in Sources */,
				8D16457728351EBE00AAAE5C /* SectionHeaderDelegate.swift in Sources */,
				8D16457028351EBE00AAAE5C /* SectionHeaderView.swift in Sources */,
				8D16456928351EBE00AAAE5C /* NetworkManager.swift in Sources */,
				8D1644F8283519B700AAAE5C /* AppDelegate.swift in Sources */,
				8D16457128351EBE00AAAE5C /* MenuSubInfoContainerStackView.swift in Sources */,
				8D16457A28351EBE00AAAE5C /* SideDishInfo.swift in Sources */,
				8D16453428351BBE00AAAE5C /* SceneDelegate.swift in Sources */,
				8D16456E28351EBE00AAAE5C /* EndPoint.swift in Sources */,
				8D16457928351EBE00AAAE5C /* PriceConvertor.swift in Sources */,
				8D16457D28351EBE00AAAE5C /* CacheManagerable.swift in Sources */,
				8D16457C28351EBE00AAAE5C /* ImageCacheManager.swift in Sources */,
				8D16456C28351EBE00AAAE5C /* NetworkManagable.swift in Sources */,
				8D16456B28351EBE00AAAE5C /* HTTPMethod.swift in Sources */,
				8D16457B28351EBE00AAAE5C /* DetailDishInfo.swift in Sources */,
				8D16457628351EBE00AAAE5C /* OrderingCollectionViewDataSource.swift in Sources */,
				8D16453628351BC600AAAE5C /* Constant.swift in Sources */,
				8D16456828351EBE00AAAE5C /* ImageNetworkManager.swift in Sources */,
				8D16457228351EBE00AAAE5C /* OrderingCollectionViewCell.swift in Sources */,
				8D16457528351EBE00AAAE5C /* OrderingViewController.swift in Sources */,
				8D16456728351EBE00AAAE5C /* UIColor+Extension.swift in Sources */,
				8D16457328351EBE00AAAE5C /* DetailScrollView.swift in Sources */,
				8D16456D28351EBE00AAAE5C /* NetworkError.swift in Sources */,
				8D16457828351EBE00AAAE5C /* OrderingCollectionViewDelegate.swift in Sources */,
			);
			runOnlyForDeploymentPostprocessing = 0;
		};
		8D16459628351FBD00AAAE5C /* Sources */ = {
			isa = PBXSourcesBuildPhase;
			buildActionMask = 2147483647;
			files = (
				8D8529DA2835C3E100D24ADB /* ImageNetworkManager.swift in Sources */,
				8D8529DE2835C3E800D24ADB /* NetworkError.swift in Sources */,
				8D8529D92835C3DF00D24ADB /* NetworkRepository.swift in Sources */,
				8D8529DF2835C3EE00D24ADB /* EndPoint.swift in Sources */,
				8D8529E02835C3FD00D24ADB /* SideDishInfo.swift in Sources */,
				8D8529E32835C41700D24ADB /* ImageCacheManager.swift in Sources */,
				8D8529DC2835C3E500D24ADB /* HTTPMethod.swift in Sources */,
				8D8529DB2835C3E300D24ADB /* NetworkManager.swift in Sources */,
				8D1645AC2835202600AAAE5C /* NetworkManagerTest.swift in Sources */,
				8D8529E22835C41400D24ADB /* CacheManagerable.swift in Sources */,
				8D8529DD2835C3E600D24ADB /* NetworkManagable.swift in Sources */,
				8D1645AA28351FD500AAAE5C /* URLMockProtocol.swift in Sources */,
				8D8529E12835C3FF00D24ADB /* DetailDishInfo.swift in Sources */,
			);
			runOnlyForDeploymentPostprocessing = 0;
		};
		8D8529E92835E31800D24ADB /* Sources */ = {
			isa = PBXSourcesBuildPhase;
			buildActionMask = 2147483647;
			files = (
				8D8529FB283614F600D24ADB /* MockCacheManagerWrapper.swift in Sources */,
				8D8529F62835E32A00D24ADB /* ImageCacheManager.swift in Sources */,
				8D8529F02835E31800D24ADB /* CacheManagerTest.swift in Sources */,
				8D8529F92835E33D00D24ADB /* MockCacheManager.swift in Sources */,
				8D8529F72835E32C00D24ADB /* CacheManagerable.swift in Sources */,
			);
			runOnlyForDeploymentPostprocessing = 0;
		};
/* End PBXSourcesBuildPhase section */

/* Begin PBXTargetDependency section */
		8D16459F28351FBD00AAAE5C /* PBXTargetDependency */ = {
			isa = PBXTargetDependency;
			target = 8D1644F3283519B700AAAE5C /* SideDishApp */;
			targetProxy = 8D16459E28351FBD00AAAE5C /* PBXContainerItemProxy */;
		};
		8D8529F22835E31800D24ADB /* PBXTargetDependency */ = {
			isa = PBXTargetDependency;
			target = 8D1644F3283519B700AAAE5C /* SideDishApp */;
			targetProxy = 8D8529F12835E31800D24ADB /* PBXContainerItemProxy */;
		};
/* End PBXTargetDependency section */

/* Begin PBXVariantGroup section */
		8D164502283519B900AAAE5C /* LaunchScreen.storyboard */ = {
			isa = PBXVariantGroup;
			children = (
				8D164503283519B900AAAE5C /* Base */,
			);
			name = LaunchScreen.storyboard;
			sourceTree = "<group>";
		};
/* End PBXVariantGroup section */

/* Begin XCBuildConfiguration section */
		8D16451C283519B900AAAE5C /* Debug */ = {
			isa = XCBuildConfiguration;
			buildSettings = {
				ALWAYS_SEARCH_USER_PATHS = NO;
				CLANG_ANALYZER_NONNULL = YES;
				CLANG_ANALYZER_NUMBER_OBJECT_CONVERSION = YES_AGGRESSIVE;
				CLANG_CXX_LANGUAGE_STANDARD = "gnu++17";
				CLANG_ENABLE_MODULES = YES;
				CLANG_ENABLE_OBJC_ARC = YES;
				CLANG_ENABLE_OBJC_WEAK = YES;
				CLANG_WARN_BLOCK_CAPTURE_AUTORELEASING = YES;
				CLANG_WARN_BOOL_CONVERSION = YES;
				CLANG_WARN_COMMA = YES;
				CLANG_WARN_CONSTANT_CONVERSION = YES;
				CLANG_WARN_DEPRECATED_OBJC_IMPLEMENTATIONS = YES;
				CLANG_WARN_DIRECT_OBJC_ISA_USAGE = YES_ERROR;
				CLANG_WARN_DOCUMENTATION_COMMENTS = YES;
				CLANG_WARN_EMPTY_BODY = YES;
				CLANG_WARN_ENUM_CONVERSION = YES;
				CLANG_WARN_INFINITE_RECURSION = YES;
				CLANG_WARN_INT_CONVERSION = YES;
				CLANG_WARN_NON_LITERAL_NULL_CONVERSION = YES;
				CLANG_WARN_OBJC_IMPLICIT_RETAIN_SELF = YES;
				CLANG_WARN_OBJC_LITERAL_CONVERSION = YES;
				CLANG_WARN_OBJC_ROOT_CLASS = YES_ERROR;
				CLANG_WARN_QUOTED_INCLUDE_IN_FRAMEWORK_HEADER = YES;
				CLANG_WARN_RANGE_LOOP_ANALYSIS = YES;
				CLANG_WARN_STRICT_PROTOTYPES = YES;
				CLANG_WARN_SUSPICIOUS_MOVE = YES;
				CLANG_WARN_UNGUARDED_AVAILABILITY = YES_AGGRESSIVE;
				CLANG_WARN_UNREACHABLE_CODE = YES;
				CLANG_WARN__DUPLICATE_METHOD_MATCH = YES;
				COPY_PHASE_STRIP = NO;
				DEBUG_INFORMATION_FORMAT = dwarf;
				ENABLE_STRICT_OBJC_MSGSEND = YES;
				ENABLE_TESTABILITY = YES;
				GCC_C_LANGUAGE_STANDARD = gnu11;
				GCC_DYNAMIC_NO_PIC = NO;
				GCC_NO_COMMON_BLOCKS = YES;
				GCC_OPTIMIZATION_LEVEL = 0;
				GCC_PREPROCESSOR_DEFINITIONS = (
					"DEBUG=1",
					"$(inherited)",
				);
				GCC_WARN_64_TO_32_BIT_CONVERSION = YES;
				GCC_WARN_ABOUT_RETURN_TYPE = YES_ERROR;
				GCC_WARN_UNDECLARED_SELECTOR = YES;
				GCC_WARN_UNINITIALIZED_AUTOS = YES_AGGRESSIVE;
				GCC_WARN_UNUSED_FUNCTION = YES;
				GCC_WARN_UNUSED_VARIABLE = YES;
				IPHONEOS_DEPLOYMENT_TARGET = 15.4;
				MTL_ENABLE_DEBUG_INFO = INCLUDE_SOURCE;
				MTL_FAST_MATH = YES;
				ONLY_ACTIVE_ARCH = YES;
				SDKROOT = iphoneos;
				SWIFT_ACTIVE_COMPILATION_CONDITIONS = DEBUG;
				SWIFT_OPTIMIZATION_LEVEL = "-Onone";
			};
			name = Debug;
		};
		8D16451D283519B900AAAE5C /* Release */ = {
			isa = XCBuildConfiguration;
			buildSettings = {
				ALWAYS_SEARCH_USER_PATHS = NO;
				CLANG_ANALYZER_NONNULL = YES;
				CLANG_ANALYZER_NUMBER_OBJECT_CONVERSION = YES_AGGRESSIVE;
				CLANG_CXX_LANGUAGE_STANDARD = "gnu++17";
				CLANG_ENABLE_MODULES = YES;
				CLANG_ENABLE_OBJC_ARC = YES;
				CLANG_ENABLE_OBJC_WEAK = YES;
				CLANG_WARN_BLOCK_CAPTURE_AUTORELEASING = YES;
				CLANG_WARN_BOOL_CONVERSION = YES;
				CLANG_WARN_COMMA = YES;
				CLANG_WARN_CONSTANT_CONVERSION = YES;
				CLANG_WARN_DEPRECATED_OBJC_IMPLEMENTATIONS = YES;
				CLANG_WARN_DIRECT_OBJC_ISA_USAGE = YES_ERROR;
				CLANG_WARN_DOCUMENTATION_COMMENTS = YES;
				CLANG_WARN_EMPTY_BODY = YES;
				CLANG_WARN_ENUM_CONVERSION = YES;
				CLANG_WARN_INFINITE_RECURSION = YES;
				CLANG_WARN_INT_CONVERSION = YES;
				CLANG_WARN_NON_LITERAL_NULL_CONVERSION = YES;
				CLANG_WARN_OBJC_IMPLICIT_RETAIN_SELF = YES;
				CLANG_WARN_OBJC_LITERAL_CONVERSION = YES;
				CLANG_WARN_OBJC_ROOT_CLASS = YES_ERROR;
				CLANG_WARN_QUOTED_INCLUDE_IN_FRAMEWORK_HEADER = YES;
				CLANG_WARN_RANGE_LOOP_ANALYSIS = YES;
				CLANG_WARN_STRICT_PROTOTYPES = YES;
				CLANG_WARN_SUSPICIOUS_MOVE = YES;
				CLANG_WARN_UNGUARDED_AVAILABILITY = YES_AGGRESSIVE;
				CLANG_WARN_UNREACHABLE_CODE = YES;
				CLANG_WARN__DUPLICATE_METHOD_MATCH = YES;
				COPY_PHASE_STRIP = NO;
				DEBUG_INFORMATION_FORMAT = "dwarf-with-dsym";
				ENABLE_NS_ASSERTIONS = NO;
				ENABLE_STRICT_OBJC_MSGSEND = YES;
				GCC_C_LANGUAGE_STANDARD = gnu11;
				GCC_NO_COMMON_BLOCKS = YES;
				GCC_WARN_64_TO_32_BIT_CONVERSION = YES;
				GCC_WARN_ABOUT_RETURN_TYPE = YES_ERROR;
				GCC_WARN_UNDECLARED_SELECTOR = YES;
				GCC_WARN_UNINITIALIZED_AUTOS = YES_AGGRESSIVE;
				GCC_WARN_UNUSED_FUNCTION = YES;
				GCC_WARN_UNUSED_VARIABLE = YES;
				IPHONEOS_DEPLOYMENT_TARGET = 15.4;
				MTL_ENABLE_DEBUG_INFO = NO;
				MTL_FAST_MATH = YES;
				SDKROOT = iphoneos;
				SWIFT_COMPILATION_MODE = wholemodule;
				SWIFT_OPTIMIZATION_LEVEL = "-O";
				VALIDATE_PRODUCT = YES;
			};
			name = Release;
		};
		8D16451F283519B900AAAE5C /* Debug */ = {
			isa = XCBuildConfiguration;
			baseConfigurationReference = 7CAB7898457CE4E15026FA88 /* Pods-SideDishApp.debug.xcconfig */;
			buildSettings = {
				ASSETCATALOG_COMPILER_APPICON_NAME = AppIcon;
				ASSETCATALOG_COMPILER_GLOBAL_ACCENT_COLOR_NAME = AccentColor;
				CODE_SIGN_STYLE = Automatic;
				CURRENT_PROJECT_VERSION = 1;
				DEVELOPMENT_TEAM = N6KUR9465F;
				GENERATE_INFOPLIST_FILE = YES;
				INFOPLIST_FILE = SideDishApp/Info.plist;
				INFOPLIST_KEY_UIApplicationSupportsIndirectInputEvents = YES;
				INFOPLIST_KEY_UILaunchStoryboardName = LaunchScreen;
				INFOPLIST_KEY_UISupportedInterfaceOrientations_iPad = "UIInterfaceOrientationPortrait UIInterfaceOrientationPortraitUpsideDown UIInterfaceOrientationLandscapeLeft UIInterfaceOrientationLandscapeRight";
				INFOPLIST_KEY_UISupportedInterfaceOrientations_iPhone = "UIInterfaceOrientationPortrait UIInterfaceOrientationLandscapeLeft UIInterfaceOrientationLandscapeRight";
				LD_RUNPATH_SEARCH_PATHS = (
					"$(inherited)",
					"@executable_path/Frameworks",
				);
				MARKETING_VERSION = 1.0;
				PRODUCT_BUNDLE_IDENTIFIER = com.SeobJin.SideDishApp;
				PRODUCT_NAME = "$(TARGET_NAME)";
				SWIFT_EMIT_LOC_STRINGS = YES;
				SWIFT_VERSION = 5.0;
				TARGETED_DEVICE_FAMILY = "1,2";
			};
			name = Debug;
		};
		8D164520283519B900AAAE5C /* Release */ = {
			isa = XCBuildConfiguration;
			baseConfigurationReference = CDB550A5D8B1D54A9DA36D25 /* Pods-SideDishApp.release.xcconfig */;
			buildSettings = {
				ASSETCATALOG_COMPILER_APPICON_NAME = AppIcon;
				ASSETCATALOG_COMPILER_GLOBAL_ACCENT_COLOR_NAME = AccentColor;
				CODE_SIGN_STYLE = Automatic;
				CURRENT_PROJECT_VERSION = 1;
				DEVELOPMENT_TEAM = N6KUR9465F;
				GENERATE_INFOPLIST_FILE = YES;
				INFOPLIST_FILE = SideDishApp/Info.plist;
				INFOPLIST_KEY_UIApplicationSupportsIndirectInputEvents = YES;
				INFOPLIST_KEY_UILaunchStoryboardName = LaunchScreen;
				INFOPLIST_KEY_UISupportedInterfaceOrientations_iPad = "UIInterfaceOrientationPortrait UIInterfaceOrientationPortraitUpsideDown UIInterfaceOrientationLandscapeLeft UIInterfaceOrientationLandscapeRight";
				INFOPLIST_KEY_UISupportedInterfaceOrientations_iPhone = "UIInterfaceOrientationPortrait UIInterfaceOrientationLandscapeLeft UIInterfaceOrientationLandscapeRight";
				LD_RUNPATH_SEARCH_PATHS = (
					"$(inherited)",
					"@executable_path/Frameworks",
				);
				MARKETING_VERSION = 1.0;
				PRODUCT_BUNDLE_IDENTIFIER = com.SeobJin.SideDishApp;
				PRODUCT_NAME = "$(TARGET_NAME)";
				SWIFT_EMIT_LOC_STRINGS = YES;
				SWIFT_VERSION = 5.0;
				TARGETED_DEVICE_FAMILY = "1,2";
			};
			name = Release;
		};
		8D1645A128351FBD00AAAE5C /* Debug */ = {
			isa = XCBuildConfiguration;
			buildSettings = {
				BUNDLE_LOADER = "$(TEST_HOST)";
				CODE_SIGN_STYLE = Automatic;
				CURRENT_PROJECT_VERSION = 1;
				DEVELOPMENT_TEAM = N6KUR9465F;
				GENERATE_INFOPLIST_FILE = YES;
				MARKETING_VERSION = 1.0;
				PRODUCT_BUNDLE_IDENTIFIER = com.SeobJin.NetworkManagerTest;
				PRODUCT_NAME = "$(TARGET_NAME)";
				SWIFT_EMIT_LOC_STRINGS = NO;
				SWIFT_VERSION = 5.0;
				TARGETED_DEVICE_FAMILY = "1,2";
				TEST_HOST = "$(BUILT_PRODUCTS_DIR)/SideDishApp.app/SideDishApp";
			};
			name = Debug;
		};
		8D1645A228351FBD00AAAE5C /* Release */ = {
			isa = XCBuildConfiguration;
			buildSettings = {
				BUNDLE_LOADER = "$(TEST_HOST)";
				CODE_SIGN_STYLE = Automatic;
				CURRENT_PROJECT_VERSION = 1;
				DEVELOPMENT_TEAM = N6KUR9465F;
				GENERATE_INFOPLIST_FILE = YES;
				MARKETING_VERSION = 1.0;
				PRODUCT_BUNDLE_IDENTIFIER = com.SeobJin.NetworkManagerTest;
				PRODUCT_NAME = "$(TARGET_NAME)";
				SWIFT_EMIT_LOC_STRINGS = NO;
				SWIFT_VERSION = 5.0;
				TARGETED_DEVICE_FAMILY = "1,2";
				TEST_HOST = "$(BUILT_PRODUCTS_DIR)/SideDishApp.app/SideDishApp";
			};
			name = Release;
		};
		8D8529F42835E31800D24ADB /* Debug */ = {
			isa = XCBuildConfiguration;
			buildSettings = {
				BUNDLE_LOADER = "$(TEST_HOST)";
				CODE_SIGN_STYLE = Automatic;
				CURRENT_PROJECT_VERSION = 1;
				DEVELOPMENT_TEAM = N6KUR9465F;
				GENERATE_INFOPLIST_FILE = YES;
				MARKETING_VERSION = 1.0;
				PRODUCT_BUNDLE_IDENTIFIER = com.SeobJin.CacheManagerTest;
				PRODUCT_NAME = "$(TARGET_NAME)";
				SWIFT_EMIT_LOC_STRINGS = NO;
				SWIFT_VERSION = 5.0;
				TARGETED_DEVICE_FAMILY = "1,2";
				TEST_HOST = "$(BUILT_PRODUCTS_DIR)/SideDishApp.app/SideDishApp";
			};
			name = Debug;
		};
		8D8529F52835E31800D24ADB /* Release */ = {
			isa = XCBuildConfiguration;
			buildSettings = {
				BUNDLE_LOADER = "$(TEST_HOST)";
				CODE_SIGN_STYLE = Automatic;
				CURRENT_PROJECT_VERSION = 1;
				DEVELOPMENT_TEAM = N6KUR9465F;
				GENERATE_INFOPLIST_FILE = YES;
				MARKETING_VERSION = 1.0;
				PRODUCT_BUNDLE_IDENTIFIER = com.SeobJin.CacheManagerTest;
				PRODUCT_NAME = "$(TARGET_NAME)";
				SWIFT_EMIT_LOC_STRINGS = NO;
				SWIFT_VERSION = 5.0;
				TARGETED_DEVICE_FAMILY = "1,2";
				TEST_HOST = "$(BUILT_PRODUCTS_DIR)/SideDishApp.app/SideDishApp";
			};
			name = Release;
		};
/* End XCBuildConfiguration section */

/* Begin XCConfigurationList section */
		8D1644EF283519B700AAAE5C /* Build configuration list for PBXProject "SideDishApp" */ = {
			isa = XCConfigurationList;
			buildConfigurations = (
				8D16451C283519B900AAAE5C /* Debug */,
				8D16451D283519B900AAAE5C /* Release */,
			);
			defaultConfigurationIsVisible = 0;
			defaultConfigurationName = Release;
		};
		8D16451E283519B900AAAE5C /* Build configuration list for PBXNativeTarget "SideDishApp" */ = {
			isa = XCConfigurationList;
			buildConfigurations = (
				8D16451F283519B900AAAE5C /* Debug */,
				8D164520283519B900AAAE5C /* Release */,
			);
			defaultConfigurationIsVisible = 0;
			defaultConfigurationName = Release;
		};
		8D1645A028351FBD00AAAE5C /* Build configuration list for PBXNativeTarget "NetworkManagerTest" */ = {
			isa = XCConfigurationList;
			buildConfigurations = (
				8D1645A128351FBD00AAAE5C /* Debug */,
				8D1645A228351FBD00AAAE5C /* Release */,
			);
			defaultConfigurationIsVisible = 0;
			defaultConfigurationName = Release;
		};
		8D8529F32835E31800D24ADB /* Build configuration list for PBXNativeTarget "CacheManagerTest" */ = {
			isa = XCConfigurationList;
			buildConfigurations = (
				8D8529F42835E31800D24ADB /* Debug */,
				8D8529F52835E31800D24ADB /* Release */,
			);
			defaultConfigurationIsVisible = 0;
			defaultConfigurationName = Release;
		};
/* End XCConfigurationList section */
	};
	rootObject = 8D1644EC283519B700AAAE5C /* Project object */;
}
